
Microsoft Visual Studio Solution File, Format Version 12.00
# Visual Studio 15
VisualStudioVersion = 15.0.27004.2009
MinimumVisualStudioVersion = 10.0.40219.1
Project("{FAE04EC0-301F-11D3-BF4B-00C04F79EFBC}") = "FormSMSMultipleInstance", "FormSMSMultipleInstance\FormSMSMultipleInstance.csproj", "{A17CC2F6-FC16-4B23-8E88-BDDF4108A507}"
EndProject
Global
	GlobalSection(SolutionConfigurationPlatforms) = preSolution
		Debug|Any CPU = Debug|Any CPU
		Release|Any CPU = Release|Any CPU
	EndGlobalSection
	GlobalSection(ProjectConfigurationPlatforms) = postSolution
		{A17CC2F6-FC16-4B23-8E88-BDDF4108A507}.Debug|Any CPU.ActiveCfg = Debug|Any CPU
		{A17CC2F6-FC16-4B23-8E88-BDDF4108A507}.Debug|Any CPU.Build.0 = Debug|Any CPU
		{A17CC2F6-FC16-4B23-8E88-BDDF4108A507}.Release|Any CPU.ActiveCfg = Release|Any CPU
		{A17CC2F6-FC16-4B23-8E88-BDDF4108A507}.Release|Any CPU.Build.0 = Release|Any CPU
	EndGlobalSection
	GlobalSection(SolutionProperties) = preSolution
		HideSolutionNode = FALSE
	EndGlobalSection
	GlobalSection(ExtensibilityGlobals) = postSolution
		SolutionGuid = {2D6D61A9-2657-421B-8014-489B4C5CCB89}
	EndGlobalSection
EndGlobal
